
Microsoft Visual Studio Solution File, Format Version 12.00
# Visual Studio Version 16
VisualStudioVersion = 16.0.29509.3
MinimumVisualStudioVersion = 10.0.40219.1
Project("{9A19103F-16F7-4668-BE54-9A1E7A4F7556}") = "masterypointsstats", "masterypointsstats\masterypointsstats.csproj", "{98E71119-2B88-487F-BF01-F7FB23BFC09D}"
EndProject
Project("{FAE04EC0-301F-11D3-BF4B-00C04F79EFBC}") = "Crawler", "Crawler\Crawler.csproj", "{4FD167ED-535C-49B6-8C80-F46FFF112E01}"
EndProject
Project("{FAE04EC0-301F-11D3-BF4B-00C04F79EFBC}") = "DatabaseAccessLayer", "DatabaseAccessLayer\DatabaseAccessLayer.csproj", "{287468D1-A626-48C8-9901-65A8D08D4EB5}"
EndProject
Global
	GlobalSection(SolutionConfigurationPlatforms) = preSolution
		Debug|Any CPU = Debug|Any CPU
		Release|Any CPU = Release|Any CPU
	EndGlobalSection
	GlobalSection(ProjectConfigurationPlatforms) = postSolution
		{98E71119-2B88-487F-BF01-F7FB23BFC09D}.Debug|Any CPU.ActiveCfg = Debug|Any CPU
		{98E71119-2B88-487F-BF01-F7FB23BFC09D}.Debug|Any CPU.Build.0 = Debug|Any CPU
		{98E71119-2B88-487F-BF01-F7FB23BFC09D}.Release|Any CPU.ActiveCfg = Release|Any CPU
		{98E71119-2B88-487F-BF01-F7FB23BFC09D}.Release|Any CPU.Build.0 = Release|Any CPU
		{4FD167ED-535C-49B6-8C80-F46FFF112E01}.Debug|Any CPU.ActiveCfg = Debug|Any CPU
		{4FD167ED-535C-49B6-8C80-F46FFF112E01}.Debug|Any CPU.Build.0 = Debug|Any CPU
		{4FD167ED-535C-49B6-8C80-F46FFF112E01}.Release|Any CPU.ActiveCfg = Release|Any CPU
		{4FD167ED-535C-49B6-8C80-F46FFF112E01}.Release|Any CPU.Build.0 = Release|Any CPU
		{287468D1-A626-48C8-9901-65A8D08D4EB5}.Debug|Any CPU.ActiveCfg = Debug|Any CPU
		{287468D1-A626-48C8-9901-65A8D08D4EB5}.Debug|Any CPU.Build.0 = Debug|Any CPU
		{287468D1-A626-48C8-9901-65A8D08D4EB5}.Release|Any CPU.ActiveCfg = Release|Any CPU
		{287468D1-A626-48C8-9901-65A8D08D4EB5}.Release|Any CPU.Build.0 = Release|Any CPU
	EndGlobalSection
	GlobalSection(SolutionProperties) = preSolution
		HideSolutionNode = FALSE
	EndGlobalSection
	GlobalSection(ExtensibilityGlobals) = postSolution
		SolutionGuid = {FE240F8E-FAE2-4294-8764-2D1B14BB3054}
	EndGlobalSection
EndGlobal
