
Microsoft Visual Studio Solution File, Format Version 12.00
# Visual Studio Version 16
VisualStudioVersion = 16.0.29509.3
MinimumVisualStudioVersion = 10.0.40219.1
Project("{9A19103F-16F7-4668-BE54-9A1E7A4F7556}") = "Crawler", "Crawler\Crawler.csproj", "{4FD167ED-535C-49B6-8C80-F46FFF112E01}"
EndProject
Project("{9A19103F-16F7-4668-BE54-9A1E7A4F7556}") = "DatabaseAccessLayer", "DatabaseAccessLayer\DatabaseAccessLayer.csproj", "{287468D1-A626-48C8-9901-65A8D08D4EB5}"
EndProject
Project("{9A19103F-16F7-4668-BE54-9A1E7A4F7556}") = "RiotAPIAccessLayer", "RiotAPIAccessLayer\RiotAPIAccessLayer.csproj", "{6E720D3E-263C-4426-B079-73A1E74A5178}"
EndProject
Project("{FAE04EC0-301F-11D3-BF4B-00C04F79EFBC}") = "Shared", "Shared\Shared.csproj", "{640B3E79-671E-4074-B583-7ED2FE298424}"
EndProject
Project("{FAE04EC0-301F-11D3-BF4B-00C04F79EFBC}") = "RestAPI", "RestAPI\RestAPI.csproj", "{76FE2D48-4C37-4328-A529-98008EBD336F}"
EndProject
Global
	GlobalSection(SolutionConfigurationPlatforms) = preSolution
		Debug|Any CPU = Debug|Any CPU
		Release|Any CPU = Release|Any CPU
	EndGlobalSection
	GlobalSection(ProjectConfigurationPlatforms) = postSolution
		{4FD167ED-535C-49B6-8C80-F46FFF112E01}.Debug|Any CPU.ActiveCfg = Debug|Any CPU
		{4FD167ED-535C-49B6-8C80-F46FFF112E01}.Debug|Any CPU.Build.0 = Debug|Any CPU
		{4FD167ED-535C-49B6-8C80-F46FFF112E01}.Release|Any CPU.ActiveCfg = Release|Any CPU
		{4FD167ED-535C-49B6-8C80-F46FFF112E01}.Release|Any CPU.Build.0 = Release|Any CPU
		{287468D1-A626-48C8-9901-65A8D08D4EB5}.Debug|Any CPU.ActiveCfg = Debug|Any CPU
		{287468D1-A626-48C8-9901-65A8D08D4EB5}.Debug|Any CPU.Build.0 = Debug|Any CPU
		{287468D1-A626-48C8-9901-65A8D08D4EB5}.Release|Any CPU.ActiveCfg = Release|Any CPU
		{287468D1-A626-48C8-9901-65A8D08D4EB5}.Release|Any CPU.Build.0 = Release|Any CPU
		{6E720D3E-263C-4426-B079-73A1E74A5178}.Debug|Any CPU.ActiveCfg = Debug|Any CPU
		{6E720D3E-263C-4426-B079-73A1E74A5178}.Debug|Any CPU.Build.0 = Debug|Any CPU
		{6E720D3E-263C-4426-B079-73A1E74A5178}.Release|Any CPU.ActiveCfg = Release|Any CPU
		{6E720D3E-263C-4426-B079-73A1E74A5178}.Release|Any CPU.Build.0 = Release|Any CPU
		{640B3E79-671E-4074-B583-7ED2FE298424}.Debug|Any CPU.ActiveCfg = Debug|Any CPU
		{640B3E79-671E-4074-B583-7ED2FE298424}.Debug|Any CPU.Build.0 = Debug|Any CPU
		{640B3E79-671E-4074-B583-7ED2FE298424}.Release|Any CPU.ActiveCfg = Release|Any CPU
		{640B3E79-671E-4074-B583-7ED2FE298424}.Release|Any CPU.Build.0 = Release|Any CPU
		{76FE2D48-4C37-4328-A529-98008EBD336F}.Debug|Any CPU.ActiveCfg = Debug|Any CPU
		{76FE2D48-4C37-4328-A529-98008EBD336F}.Debug|Any CPU.Build.0 = Debug|Any CPU
		{76FE2D48-4C37-4328-A529-98008EBD336F}.Release|Any CPU.ActiveCfg = Release|Any CPU
		{76FE2D48-4C37-4328-A529-98008EBD336F}.Release|Any CPU.Build.0 = Release|Any CPU
	EndGlobalSection
	GlobalSection(SolutionProperties) = preSolution
		HideSolutionNode = FALSE
	EndGlobalSection
	GlobalSection(ExtensibilityGlobals) = postSolution
		SolutionGuid = {FE240F8E-FAE2-4294-8764-2D1B14BB3054}
	EndGlobalSection
EndGlobal
